
Microsoft Visual Studio Solution File, Format Version 12.00
# Visual Studio 15
VisualStudioVersion = 15.0.28307.102
MinimumVisualStudioVersion = 10.0.40219.1
Project("{9A19103F-16F7-4668-BE54-9A1E7A4F7556}") = "Dialog.Web", "Dialog.Web\Dialog.Web.csproj", "{12BB46FF-4305-4450-9C43-40FA5C76E02E}"
EndProject
Project("{9A19103F-16F7-4668-BE54-9A1E7A4F7556}") = "Dialog.Data", "Dialog.Data\Dialog.Data.csproj", "{8D77A231-88C0-4622-A907-910BB81F7E8F}"
EndProject
Project("{9A19103F-16F7-4668-BE54-9A1E7A4F7556}") = "Dialog.Models", "Dialog.Models\Dialog.Models.csproj", "{79169FC9-32D8-4F97-9722-183D13AD128F}"
EndProject
Project("{9A19103F-16F7-4668-BE54-9A1E7A4F7556}") = "Dialog.Services", "Dialog.Services\Dialog.Services.csproj", "{7B3D8038-5F75-4285-A3CA-AD787840537B}"
EndProject
Project("{9A19103F-16F7-4668-BE54-9A1E7A4F7556}") = "Dialog.Tests", "Dialog.Tests\Dialog.Tests.csproj", "{094D448D-4D81-46AB-860D-A9158B3AAF47}"
EndProject
Project("{9A19103F-16F7-4668-BE54-9A1E7A4F7556}") = "Dialog.Common", "Dialog.Common\Dialog.Common.csproj", "{88B3D4AC-7E3A-4761-9E81-2892224BA163}"
EndProject
Project("{9A19103F-16F7-4668-BE54-9A1E7A4F7556}") = "Dialog.ViewModels", "Dialog.ViewModels\Dialog.ViewModels.csproj", "{6DD4716B-93BE-4D65-9C1E-0FB861DD67BB}"
EndProject
Global
	GlobalSection(SolutionConfigurationPlatforms) = preSolution
		Debug|Any CPU = Debug|Any CPU
		Release|Any CPU = Release|Any CPU
	EndGlobalSection
	GlobalSection(ProjectConfigurationPlatforms) = postSolution
		{12BB46FF-4305-4450-9C43-40FA5C76E02E}.Debug|Any CPU.ActiveCfg = Debug|Any CPU
		{12BB46FF-4305-4450-9C43-40FA5C76E02E}.Debug|Any CPU.Build.0 = Debug|Any CPU
		{12BB46FF-4305-4450-9C43-40FA5C76E02E}.Release|Any CPU.ActiveCfg = Release|Any CPU
		{12BB46FF-4305-4450-9C43-40FA5C76E02E}.Release|Any CPU.Build.0 = Release|Any CPU
		{8D77A231-88C0-4622-A907-910BB81F7E8F}.Debug|Any CPU.ActiveCfg = Debug|Any CPU
		{8D77A231-88C0-4622-A907-910BB81F7E8F}.Debug|Any CPU.Build.0 = Debug|Any CPU
		{8D77A231-88C0-4622-A907-910BB81F7E8F}.Release|Any CPU.ActiveCfg = Release|Any CPU
		{8D77A231-88C0-4622-A907-910BB81F7E8F}.Release|Any CPU.Build.0 = Release|Any CPU
		{79169FC9-32D8-4F97-9722-183D13AD128F}.Debug|Any CPU.ActiveCfg = Debug|Any CPU
		{79169FC9-32D8-4F97-9722-183D13AD128F}.Debug|Any CPU.Build.0 = Debug|Any CPU
		{79169FC9-32D8-4F97-9722-183D13AD128F}.Release|Any CPU.ActiveCfg = Release|Any CPU
		{79169FC9-32D8-4F97-9722-183D13AD128F}.Release|Any CPU.Build.0 = Release|Any CPU
		{7B3D8038-5F75-4285-A3CA-AD787840537B}.Debug|Any CPU.ActiveCfg = Debug|Any CPU
		{7B3D8038-5F75-4285-A3CA-AD787840537B}.Debug|Any CPU.Build.0 = Debug|Any CPU
		{7B3D8038-5F75-4285-A3CA-AD787840537B}.Release|Any CPU.ActiveCfg = Release|Any CPU
		{7B3D8038-5F75-4285-A3CA-AD787840537B}.Release|Any CPU.Build.0 = Release|Any CPU
		{094D448D-4D81-46AB-860D-A9158B3AAF47}.Debug|Any CPU.ActiveCfg = Debug|Any CPU
		{094D448D-4D81-46AB-860D-A9158B3AAF47}.Debug|Any CPU.Build.0 = Debug|Any CPU
		{094D448D-4D81-46AB-860D-A9158B3AAF47}.Release|Any CPU.ActiveCfg = Release|Any CPU
		{094D448D-4D81-46AB-860D-A9158B3AAF47}.Release|Any CPU.Build.0 = Release|Any CPU
		{88B3D4AC-7E3A-4761-9E81-2892224BA163}.Debug|Any CPU.ActiveCfg = Debug|Any CPU
		{88B3D4AC-7E3A-4761-9E81-2892224BA163}.Debug|Any CPU.Build.0 = Debug|Any CPU
		{88B3D4AC-7E3A-4761-9E81-2892224BA163}.Release|Any CPU.ActiveCfg = Release|Any CPU
		{88B3D4AC-7E3A-4761-9E81-2892224BA163}.Release|Any CPU.Build.0 = Release|Any CPU
		{6DD4716B-93BE-4D65-9C1E-0FB861DD67BB}.Debug|Any CPU.ActiveCfg = Debug|Any CPU
		{6DD4716B-93BE-4D65-9C1E-0FB861DD67BB}.Debug|Any CPU.Build.0 = Debug|Any CPU
		{6DD4716B-93BE-4D65-9C1E-0FB861DD67BB}.Release|Any CPU.ActiveCfg = Release|Any CPU
		{6DD4716B-93BE-4D65-9C1E-0FB861DD67BB}.Release|Any CPU.Build.0 = Release|Any CPU
	EndGlobalSection
	GlobalSection(SolutionProperties) = preSolution
		HideSolutionNode = FALSE
	EndGlobalSection
	GlobalSection(ExtensibilityGlobals) = postSolution
		SolutionGuid = {B0F84346-7939-42A2-8415-4E0BEDE4B844}
	EndGlobalSection
EndGlobal
